
Microsoft Visual Studio Solution File, Format Version 12.00
# Visual Studio Version 17
VisualStudioVersion = 17.3.32811.315
MinimumVisualStudioVersion = 10.0.40219.1
Project("{9A19103F-16F7-4668-BE54-9A1E7A4F7556}") = "DapperDemo.View", "app\DapperDemo.View\DapperDemo.View.csproj", "{EBFA8512-1EA5-4D8C-B4AC-AB5B48A6D568}"
EndProject
Project("{9A19103F-16F7-4668-BE54-9A1E7A4F7556}") = "DapperDemo.Desktop", "app\DapperDemo.Desktop\DapperDemo.Desktop.csproj", "{ABC31E74-02FF-46EB-B3B2-4E6AE43B456C}"
EndProject
Project("{9A19103F-16F7-4668-BE54-9A1E7A4F7556}") = "DapperDemo.iOS", "app\DapperDemo.iOS\DapperDemo.iOS.csproj", "{EBD9022F-BC83-4846-9A11-6F7F3772DC64}"
EndProject
Project("{9A19103F-16F7-4668-BE54-9A1E7A4F7556}") = "DapperDemo.Android", "app\DapperDemo.Android\DapperDemo.Android.csproj", "{7AD1DAC8-7FBE-49D5-8614-7321233DB82E}"
EndProject
Project("{2150E333-8FDC-42A3-9474-1A3956D46DE8}") = "app", "app", "{68DEE712-5AF3-4DF8-A5BF-27A575ED013D}"
EndProject
Project("{2150E333-8FDC-42A3-9474-1A3956D46DE8}") = "src", "src", "{D06C00F4-511C-4B97-B6F5-D685E503BA6A}"
EndProject
Project("{2150E333-8FDC-42A3-9474-1A3956D46DE8}") = ".root", ".root", "{1AD6F0B4-B6DE-43AD-907E-F153D3A22471}"
	ProjectSection(SolutionItems) = preProject
		Directory.Packages.props = Directory.Packages.props
		..\CLAUDE.md = ..\CLAUDE.md
	EndProjectSection
EndProject
Project("{FAE04EC0-301F-11D3-BF4B-00C04F79EFBC}") = "DapperDemo.Viewmodel", "app\DapperDemo.Viewmodel\DapperDemo.Viewmodel.csproj", "{84D8633E-53D0-4B72-A0A8-017C844FD3EF}"
EndProject
Project("{FAE04EC0-301F-11D3-BF4B-00C04F79EFBC}") = "DapperDemo.MacOS", "app\DapperDemo.MacOS\DapperDemo.MacOS.csproj", "{EA488D1E-140F-4022-8B21-D6010A8A723C}"
EndProject
Project("{2150E333-8FDC-42A3-9474-1A3956D46DE8}") = "tests", "tests", "{1ACEDD09-D58B-4117-B2ED-419164389BE2}"
EndProject
Project("{FAE04EC0-301F-11D3-BF4B-00C04F79EFBC}") = "Tests.CasosDeUso.Dapper", "tests\Tests.CasosDeUso.Dapper\Tests.CasosDeUso.Dapper.csproj", "{D52F669B-1AE1-4D94-BA2E-F7E70A77E29E}"
EndProject
Project("{FAE04EC0-301F-11D3-BF4B-00C04F79EFBC}") = "Repository.Dapper", "src\1. Contrato\Repository.Dapper\Repository.Dapper.csproj", "{2CF9BCE2-4E1F-4845-9F67-4DF6E664CD16}"
EndProject
Project("{FAE04EC0-301F-11D3-BF4B-00C04F79EFBC}") = "DapperDemo.Infrastructure", "app\DapperDemo.Infrastructure\DapperDemo.Infrastructure.csproj", "{38B5AD33-AFB3-44DF-B4B1-091CFBCD92B5}"
EndProject
Project("{FAE04EC0-301F-11D3-BF4B-00C04F79EFBC}") = "AvaloniaFramework", "..\external\AvaloniaFramework\AvaloniaFramework\AvaloniaFramework.csproj", "{9C8AC8B8-0DEA-410A-A185-470800A45B81}"
EndProject
Project("{2150E333-8FDC-42A3-9474-1A3956D46DE8}") = "0modules", "0modules", "{5EE961B0-FD0B-47E1-B98A-37562210EE28}"
EndProject
Global
	GlobalSection(SolutionConfigurationPlatforms) = preSolution
		Debug|Any CPU = Debug|Any CPU
		Debug|x64 = Debug|x64
		Debug|x86 = Debug|x86
		Release|Any CPU = Release|Any CPU
		Release|x64 = Release|x64
		Release|x86 = Release|x86
	EndGlobalSection
	GlobalSection(ProjectConfigurationPlatforms) = postSolution
		{EBFA8512-1EA5-4D8C-B4AC-AB5B48A6D568}.Debug|Any CPU.ActiveCfg = Debug|Any CPU
		{EBFA8512-1EA5-4D8C-B4AC-AB5B48A6D568}.Debug|Any CPU.Build.0 = Debug|Any CPU
		{EBFA8512-1EA5-4D8C-B4AC-AB5B48A6D568}.Debug|x64.ActiveCfg = Debug|Any CPU
		{EBFA8512-1EA5-4D8C-B4AC-AB5B48A6D568}.Debug|x64.Build.0 = Debug|Any CPU
		{EBFA8512-1EA5-4D8C-B4AC-AB5B48A6D568}.Debug|x86.ActiveCfg = Debug|Any CPU
		{EBFA8512-1EA5-4D8C-B4AC-AB5B48A6D568}.Debug|x86.Build.0 = Debug|Any CPU
		{EBFA8512-1EA5-4D8C-B4AC-AB5B48A6D568}.Release|Any CPU.ActiveCfg = Release|Any CPU
		{EBFA8512-1EA5-4D8C-B4AC-AB5B48A6D568}.Release|Any CPU.Build.0 = Release|Any CPU
		{EBFA8512-1EA5-4D8C-B4AC-AB5B48A6D568}.Release|x64.ActiveCfg = Release|Any CPU
		{EBFA8512-1EA5-4D8C-B4AC-AB5B48A6D568}.Release|x64.Build.0 = Release|Any CPU
		{EBFA8512-1EA5-4D8C-B4AC-AB5B48A6D568}.Release|x86.ActiveCfg = Release|Any CPU
		{EBFA8512-1EA5-4D8C-B4AC-AB5B48A6D568}.Release|x86.Build.0 = Release|Any CPU
		{ABC31E74-02FF-46EB-B3B2-4E6AE43B456C}.Debug|Any CPU.ActiveCfg = Debug|Any CPU
		{ABC31E74-02FF-46EB-B3B2-4E6AE43B456C}.Debug|Any CPU.Build.0 = Debug|Any CPU
		{ABC31E74-02FF-46EB-B3B2-4E6AE43B456C}.Debug|Any CPU.Deploy.0 = Debug|Any CPU
		{ABC31E74-02FF-46EB-B3B2-4E6AE43B456C}.Debug|x64.ActiveCfg = Debug|Any CPU
		{ABC31E74-02FF-46EB-B3B2-4E6AE43B456C}.Debug|x64.Build.0 = Debug|Any CPU
		{ABC31E74-02FF-46EB-B3B2-4E6AE43B456C}.Debug|x86.ActiveCfg = Debug|Any CPU
		{ABC31E74-02FF-46EB-B3B2-4E6AE43B456C}.Debug|x86.Build.0 = Debug|Any CPU
		{ABC31E74-02FF-46EB-B3B2-4E6AE43B456C}.Release|Any CPU.ActiveCfg = Release|Any CPU
		{ABC31E74-02FF-46EB-B3B2-4E6AE43B456C}.Release|Any CPU.Build.0 = Release|Any CPU
		{ABC31E74-02FF-46EB-B3B2-4E6AE43B456C}.Release|Any CPU.Deploy.0 = Release|Any CPU
		{ABC31E74-02FF-46EB-B3B2-4E6AE43B456C}.Release|x64.ActiveCfg = Release|Any CPU
		{ABC31E74-02FF-46EB-B3B2-4E6AE43B456C}.Release|x64.Build.0 = Release|Any CPU
		{ABC31E74-02FF-46EB-B3B2-4E6AE43B456C}.Release|x86.ActiveCfg = Release|Any CPU
		{ABC31E74-02FF-46EB-B3B2-4E6AE43B456C}.Release|x86.Build.0 = Release|Any CPU
		{EBD9022F-BC83-4846-9A11-6F7F3772DC64}.Debug|Any CPU.ActiveCfg = Debug|Any CPU
		{EBD9022F-BC83-4846-9A11-6F7F3772DC64}.Debug|Any CPU.Build.0 = Debug|Any CPU
		{EBD9022F-BC83-4846-9A11-6F7F3772DC64}.Debug|Any CPU.Deploy.0 = Debug|Any CPU
		{EBD9022F-BC83-4846-9A11-6F7F3772DC64}.Debug|x64.ActiveCfg = Debug|Any CPU
		{EBD9022F-BC83-4846-9A11-6F7F3772DC64}.Debug|x64.Build.0 = Debug|Any CPU
		{EBD9022F-BC83-4846-9A11-6F7F3772DC64}.Debug|x86.ActiveCfg = Debug|Any CPU
		{EBD9022F-BC83-4846-9A11-6F7F3772DC64}.Debug|x86.Build.0 = Debug|Any CPU
		{EBD9022F-BC83-4846-9A11-6F7F3772DC64}.Release|Any CPU.ActiveCfg = Release|Any CPU
		{EBD9022F-BC83-4846-9A11-6F7F3772DC64}.Release|Any CPU.Build.0 = Release|Any CPU
		{EBD9022F-BC83-4846-9A11-6F7F3772DC64}.Release|Any CPU.Deploy.0 = Release|Any CPU
		{EBD9022F-BC83-4846-9A11-6F7F3772DC64}.Release|x64.ActiveCfg = Release|Any CPU
		{EBD9022F-BC83-4846-9A11-6F7F3772DC64}.Release|x64.Build.0 = Release|Any CPU
		{EBD9022F-BC83-4846-9A11-6F7F3772DC64}.Release|x86.ActiveCfg = Release|Any CPU
		{EBD9022F-BC83-4846-9A11-6F7F3772DC64}.Release|x86.Build.0 = Release|Any CPU
		{7AD1DAC8-7FBE-49D5-8614-7321233DB82E}.Debug|Any CPU.ActiveCfg = Debug|Any CPU
		{7AD1DAC8-7FBE-49D5-8614-7321233DB82E}.Debug|Any CPU.Build.0 = Debug|Any CPU
		{7AD1DAC8-7FBE-49D5-8614-7321233DB82E}.Debug|Any CPU.Deploy.0 = Debug|Any CPU
		{7AD1DAC8-7FBE-49D5-8614-7321233DB82E}.Debug|x64.ActiveCfg = Debug|Any CPU
		{7AD1DAC8-7FBE-49D5-8614-7321233DB82E}.Debug|x64.Build.0 = Debug|Any CPU
		{7AD1DAC8-7FBE-49D5-8614-7321233DB82E}.Debug|x86.ActiveCfg = Debug|Any CPU
		{7AD1DAC8-7FBE-49D5-8614-7321233DB82E}.Debug|x86.Build.0 = Debug|Any CPU
		{7AD1DAC8-7FBE-49D5-8614-7321233DB82E}.Release|Any CPU.ActiveCfg = Release|Any CPU
		{7AD1DAC8-7FBE-49D5-8614-7321233DB82E}.Release|Any CPU.Build.0 = Release|Any CPU
		{7AD1DAC8-7FBE-49D5-8614-7321233DB82E}.Release|Any CPU.Deploy.0 = Release|Any CPU
		{7AD1DAC8-7FBE-49D5-8614-7321233DB82E}.Release|x64.ActiveCfg = Release|Any CPU
		{7AD1DAC8-7FBE-49D5-8614-7321233DB82E}.Release|x64.Build.0 = Release|Any CPU
		{7AD1DAC8-7FBE-49D5-8614-7321233DB82E}.Release|x86.ActiveCfg = Release|Any CPU
		{7AD1DAC8-7FBE-49D5-8614-7321233DB82E}.Release|x86.Build.0 = Release|Any CPU
		{84D8633E-53D0-4B72-A0A8-017C844FD3EF}.Debug|Any CPU.ActiveCfg = Debug|Any CPU
		{84D8633E-53D0-4B72-A0A8-017C844FD3EF}.Debug|Any CPU.Build.0 = Debug|Any CPU
		{84D8633E-53D0-4B72-A0A8-017C844FD3EF}.Debug|x64.ActiveCfg = Debug|Any CPU
		{84D8633E-53D0-4B72-A0A8-017C844FD3EF}.Debug|x64.Build.0 = Debug|Any CPU
		{84D8633E-53D0-4B72-A0A8-017C844FD3EF}.Debug|x86.ActiveCfg = Debug|Any CPU
		{84D8633E-53D0-4B72-A0A8-017C844FD3EF}.Debug|x86.Build.0 = Debug|Any CPU
		{84D8633E-53D0-4B72-A0A8-017C844FD3EF}.Release|Any CPU.ActiveCfg = Release|Any CPU
		{84D8633E-53D0-4B72-A0A8-017C844FD3EF}.Release|Any CPU.Build.0 = Release|Any CPU
		{84D8633E-53D0-4B72-A0A8-017C844FD3EF}.Release|x64.ActiveCfg = Release|Any CPU
		{84D8633E-53D0-4B72-A0A8-017C844FD3EF}.Release|x64.Build.0 = Release|Any CPU
		{84D8633E-53D0-4B72-A0A8-017C844FD3EF}.Release|x86.ActiveCfg = Release|Any CPU
		{84D8633E-53D0-4B72-A0A8-017C844FD3EF}.Release|x86.Build.0 = Release|Any CPU
		{EA488D1E-140F-4022-8B21-D6010A8A723C}.Debug|Any CPU.ActiveCfg = Debug|Any CPU
		{EA488D1E-140F-4022-8B21-D6010A8A723C}.Debug|Any CPU.Build.0 = Debug|Any CPU
		{EA488D1E-140F-4022-8B21-D6010A8A723C}.Debug|Any CPU.Deploy.0 = Debug|Any CPU
		{EA488D1E-140F-4022-8B21-D6010A8A723C}.Debug|x64.ActiveCfg = Debug|Any CPU
		{EA488D1E-140F-4022-8B21-D6010A8A723C}.Debug|x64.Build.0 = Debug|Any CPU
		{EA488D1E-140F-4022-8B21-D6010A8A723C}.Debug|x86.ActiveCfg = Debug|Any CPU
		{EA488D1E-140F-4022-8B21-D6010A8A723C}.Debug|x86.Build.0 = Debug|Any CPU
		{EA488D1E-140F-4022-8B21-D6010A8A723C}.Release|Any CPU.ActiveCfg = Release|Any CPU
		{EA488D1E-140F-4022-8B21-D6010A8A723C}.Release|Any CPU.Build.0 = Release|Any CPU
		{EA488D1E-140F-4022-8B21-D6010A8A723C}.Release|Any CPU.Deploy.0 = Release|Any CPU
		{EA488D1E-140F-4022-8B21-D6010A8A723C}.Release|x64.ActiveCfg = Release|Any CPU
		{EA488D1E-140F-4022-8B21-D6010A8A723C}.Release|x64.Build.0 = Release|Any CPU
		{EA488D1E-140F-4022-8B21-D6010A8A723C}.Release|x86.ActiveCfg = Release|Any CPU
		{EA488D1E-140F-4022-8B21-D6010A8A723C}.Release|x86.Build.0 = Release|Any CPU
		{D52F669B-1AE1-4D94-BA2E-F7E70A77E29E}.Debug|Any CPU.ActiveCfg = Debug|Any CPU
		{D52F669B-1AE1-4D94-BA2E-F7E70A77E29E}.Debug|Any CPU.Build.0 = Debug|Any CPU
		{D52F669B-1AE1-4D94-BA2E-F7E70A77E29E}.Debug|x64.ActiveCfg = Debug|Any CPU
		{D52F669B-1AE1-4D94-BA2E-F7E70A77E29E}.Debug|x64.Build.0 = Debug|Any CPU
		{D52F669B-1AE1-4D94-BA2E-F7E70A77E29E}.Debug|x86.ActiveCfg = Debug|Any CPU
		{D52F669B-1AE1-4D94-BA2E-F7E70A77E29E}.Debug|x86.Build.0 = Debug|Any CPU
		{D52F669B-1AE1-4D94-BA2E-F7E70A77E29E}.Release|Any CPU.ActiveCfg = Release|Any CPU
		{D52F669B-1AE1-4D94-BA2E-F7E70A77E29E}.Release|Any CPU.Build.0 = Release|Any CPU
		{D52F669B-1AE1-4D94-BA2E-F7E70A77E29E}.Release|x64.ActiveCfg = Release|Any CPU
		{D52F669B-1AE1-4D94-BA2E-F7E70A77E29E}.Release|x64.Build.0 = Release|Any CPU
		{D52F669B-1AE1-4D94-BA2E-F7E70A77E29E}.Release|x86.ActiveCfg = Release|Any CPU
		{D52F669B-1AE1-4D94-BA2E-F7E70A77E29E}.Release|x86.Build.0 = Release|Any CPU
		{2CF9BCE2-4E1F-4845-9F67-4DF6E664CD16}.Debug|Any CPU.ActiveCfg = Debug|Any CPU
		{2CF9BCE2-4E1F-4845-9F67-4DF6E664CD16}.Debug|Any CPU.Build.0 = Debug|Any CPU
		{2CF9BCE2-4E1F-4845-9F67-4DF6E664CD16}.Debug|x64.ActiveCfg = Debug|Any CPU
		{2CF9BCE2-4E1F-4845-9F67-4DF6E664CD16}.Debug|x64.Build.0 = Debug|Any CPU
		{2CF9BCE2-4E1F-4845-9F67-4DF6E664CD16}.Debug|x86.ActiveCfg = Debug|Any CPU
		{2CF9BCE2-4E1F-4845-9F67-4DF6E664CD16}.Debug|x86.Build.0 = Debug|Any CPU
		{2CF9BCE2-4E1F-4845-9F67-4DF6E664CD16}.Release|Any CPU.ActiveCfg = Release|Any CPU
		{2CF9BCE2-4E1F-4845-9F67-4DF6E664CD16}.Release|Any CPU.Build.0 = Release|Any CPU
		{2CF9BCE2-4E1F-4845-9F67-4DF6E664CD16}.Release|x64.ActiveCfg = Release|Any CPU
		{2CF9BCE2-4E1F-4845-9F67-4DF6E664CD16}.Release|x64.Build.0 = Release|Any CPU
		{2CF9BCE2-4E1F-4845-9F67-4DF6E664CD16}.Release|x86.ActiveCfg = Release|Any CPU
		{2CF9BCE2-4E1F-4845-9F67-4DF6E664CD16}.Release|x86.Build.0 = Release|Any CPU
		{38B5AD33-AFB3-44DF-B4B1-091CFBCD92B5}.Debug|Any CPU.ActiveCfg = Debug|Any CPU
		{38B5AD33-AFB3-44DF-B4B1-091CFBCD92B5}.Debug|Any CPU.Build.0 = Debug|Any CPU
		{38B5AD33-AFB3-44DF-B4B1-091CFBCD92B5}.Debug|x64.ActiveCfg = Debug|Any CPU
		{38B5AD33-AFB3-44DF-B4B1-091CFBCD92B5}.Debug|x64.Build.0 = Debug|Any CPU
		{38B5AD33-AFB3-44DF-B4B1-091CFBCD92B5}.Debug|x86.ActiveCfg = Debug|Any CPU
		{38B5AD33-AFB3-44DF-B4B1-091CFBCD92B5}.Debug|x86.Build.0 = Debug|Any CPU
		{38B5AD33-AFB3-44DF-B4B1-091CFBCD92B5}.Release|Any CPU.ActiveCfg = Release|Any CPU
		{38B5AD33-AFB3-44DF-B4B1-091CFBCD92B5}.Release|Any CPU.Build.0 = Release|Any CPU
		{38B5AD33-AFB3-44DF-B4B1-091CFBCD92B5}.Release|x64.ActiveCfg = Release|Any CPU
		{38B5AD33-AFB3-44DF-B4B1-091CFBCD92B5}.Release|x64.Build.0 = Release|Any CPU
		{38B5AD33-AFB3-44DF-B4B1-091CFBCD92B5}.Release|x86.ActiveCfg = Release|Any CPU
		{38B5AD33-AFB3-44DF-B4B1-091CFBCD92B5}.Release|x86.Build.0 = Release|Any CPU
		{9C8AC8B8-0DEA-410A-A185-470800A45B81}.Debug|Any CPU.ActiveCfg = Debug|Any CPU
		{9C8AC8B8-0DEA-410A-A185-470800A45B81}.Debug|Any CPU.Build.0 = Debug|Any CPU
		{9C8AC8B8-0DEA-410A-A185-470800A45B81}.Debug|x64.ActiveCfg = Debug|Any CPU
		{9C8AC8B8-0DEA-410A-A185-470800A45B81}.Debug|x64.Build.0 = Debug|Any CPU
		{9C8AC8B8-0DEA-410A-A185-470800A45B81}.Debug|x86.ActiveCfg = Debug|Any CPU
		{9C8AC8B8-0DEA-410A-A185-470800A45B81}.Debug|x86.Build.0 = Debug|Any CPU
		{9C8AC8B8-0DEA-410A-A185-470800A45B81}.Release|Any CPU.ActiveCfg = Release|Any CPU
		{9C8AC8B8-0DEA-410A-A185-470800A45B81}.Release|Any CPU.Build.0 = Release|Any CPU
		{9C8AC8B8-0DEA-410A-A185-470800A45B81}.Release|x64.ActiveCfg = Release|Any CPU
		{9C8AC8B8-0DEA-410A-A185-470800A45B81}.Release|x64.Build.0 = Release|Any CPU
		{9C8AC8B8-0DEA-410A-A185-470800A45B81}.Release|x86.ActiveCfg = Release|Any CPU
		{9C8AC8B8-0DEA-410A-A185-470800A45B81}.Release|x86.Build.0 = Release|Any CPU
	EndGlobalSection
	GlobalSection(SolutionProperties) = preSolution
		HideSolutionNode = FALSE
	EndGlobalSection
	GlobalSection(NestedProjects) = preSolution
		{EBFA8512-1EA5-4D8C-B4AC-AB5B48A6D568} = {68DEE712-5AF3-4DF8-A5BF-27A575ED013D}
		{ABC31E74-02FF-46EB-B3B2-4E6AE43B456C} = {68DEE712-5AF3-4DF8-A5BF-27A575ED013D}
		{EBD9022F-BC83-4846-9A11-6F7F3772DC64} = {68DEE712-5AF3-4DF8-A5BF-27A575ED013D}
		{7AD1DAC8-7FBE-49D5-8614-7321233DB82E} = {68DEE712-5AF3-4DF8-A5BF-27A575ED013D}
		{84D8633E-53D0-4B72-A0A8-017C844FD3EF} = {68DEE712-5AF3-4DF8-A5BF-27A575ED013D}
		{EA488D1E-140F-4022-8B21-D6010A8A723C} = {68DEE712-5AF3-4DF8-A5BF-27A575ED013D}
		{D52F669B-1AE1-4D94-BA2E-F7E70A77E29E} = {1ACEDD09-D58B-4117-B2ED-419164389BE2}
		{38B5AD33-AFB3-44DF-B4B1-091CFBCD92B5} = {68DEE712-5AF3-4DF8-A5BF-27A575ED013D}
		{9C8AC8B8-0DEA-410A-A185-470800A45B81} = {5EE961B0-FD0B-47E1-B98A-37562210EE28}
		{2CF9BCE2-4E1F-4845-9F67-4DF6E664CD16} = {D06C00F4-511C-4B97-B6F5-D685E503BA6A}
	EndGlobalSection
	GlobalSection(ExtensibilityGlobals) = postSolution
		SolutionGuid = {83CB65B8-011F-4ED7-BCD3-A6CFA935EF7E}
	EndGlobalSection
EndGlobal
